
Microsoft Visual Studio Solution File, Format Version 12.00
# Visual Studio Version 17
VisualStudioVersion = 17.14.36310.24
MinimumVisualStudioVersion = 10.0.40219.1
Project("{FAE04EC0-301F-11D3-BF4B-00C04F79EFBC}") = "Old_Phone_Pad_C#_Coding_Challenge_Iron_Software", "Old_Phone_Pad_C#_Coding_Challenge_Iron_Software\Old_Phone_Pad_C#_Coding_Challenge_Iron_Software.csproj", "{9EF0D4AC-2932-4367-86C7-0397910F869E}"
EndProject
Global
	GlobalSection(SolutionConfigurationPlatforms) = preSolution
		Debug|Any CPU = Debug|Any CPU
		Release|Any CPU = Release|Any CPU
	EndGlobalSection
	GlobalSection(ProjectConfigurationPlatforms) = postSolution
		{9EF0D4AC-2932-4367-86C7-0397910F869E}.Debug|Any CPU.ActiveCfg = Debug|Any CPU
		{9EF0D4AC-2932-4367-86C7-0397910F869E}.Debug|Any CPU.Build.0 = Debug|Any CPU
		{9EF0D4AC-2932-4367-86C7-0397910F869E}.Release|Any CPU.ActiveCfg = Release|Any CPU
		{9EF0D4AC-2932-4367-86C7-0397910F869E}.Release|Any CPU.Build.0 = Release|Any CPU
	EndGlobalSection
	GlobalSection(SolutionProperties) = preSolution
		HideSolutionNode = FALSE
	EndGlobalSection
	GlobalSection(ExtensibilityGlobals) = postSolution
		SolutionGuid = {87235EAB-C88B-4138-89BC-BA9DB5AD7A9C}
	EndGlobalSection
EndGlobal
